
Microsoft Visual Studio Solution File, Format Version 12.00
# Visual Studio Version 17
VisualStudioVersion = 17.14.36203.30 d17.14
MinimumVisualStudioVersion = 10.0.40219.1
Project("{FAE04EC0-301F-11D3-BF4B-00C04F79EFBC}") = "Dawnbury.Mods.RemasteredSwash", "Dawnbury.Mods.RemasteredSwash.csproj", "{A572E771-A93C-7EA4-F289-CDADF4DC49FF}"
EndProject
Global
	GlobalSection(SolutionConfigurationPlatforms) = preSolution
		Debug|Any CPU = Debug|Any CPU
		Debug|x64 = Debug|x64
		Release|Any CPU = Release|Any CPU
		Release|x64 = Release|x64
	EndGlobalSection
	GlobalSection(ProjectConfigurationPlatforms) = postSolution
		{A572E771-A93C-7EA4-F289-CDADF4DC49FF}.Debug|Any CPU.ActiveCfg = Debug|Any CPU
		{A572E771-A93C-7EA4-F289-CDADF4DC49FF}.Debug|Any CPU.Build.0 = Debug|Any CPU
		{A572E771-A93C-7EA4-F289-CDADF4DC49FF}.Debug|x64.ActiveCfg = Debug|x64
		{A572E771-A93C-7EA4-F289-CDADF4DC49FF}.Debug|x64.Build.0 = Debug|x64
		{A572E771-A93C-7EA4-F289-CDADF4DC49FF}.Release|Any CPU.ActiveCfg = Release|Any CPU
		{A572E771-A93C-7EA4-F289-CDADF4DC49FF}.Release|Any CPU.Build.0 = Release|Any CPU
		{A572E771-A93C-7EA4-F289-CDADF4DC49FF}.Release|x64.ActiveCfg = Release|x64
		{A572E771-A93C-7EA4-F289-CDADF4DC49FF}.Release|x64.Build.0 = Release|x64
	EndGlobalSection
	GlobalSection(SolutionProperties) = preSolution
		HideSolutionNode = FALSE
	EndGlobalSection
	GlobalSection(ExtensibilityGlobals) = postSolution
		SolutionGuid = {4C1C3CF3-B71E-47D5-B359-053B8A4A625F}
	EndGlobalSection
EndGlobal
